// !$*UTF8*$!
{
	archiveVersion = 1;
	classes = {
	};
	objectVersion = 46;
	objects = {

/* Begin PBXBuildFile section */
		460409411C5A4B570045BCFB /* AppDelegate.swift in Sources */ = {isa = PBXBuildFile; fileRef = 460409401C5A4B570045BCFB /* AppDelegate.swift */; };
		460409431C5A4B570045BCFB /* SearchViewController.swift in Sources */ = {isa = PBXBuildFile; fileRef = 460409421C5A4B570045BCFB /* SearchViewController.swift */; };
		460409461C5A4B570045BCFB /* Main.storyboard in Resources */ = {isa = PBXBuildFile; fileRef = 460409441C5A4B570045BCFB /* Main.storyboard */; };
		4604094B1C5A4B570045BCFB /* LaunchScreen.storyboard in Resources */ = {isa = PBXBuildFile; fileRef = 460409491C5A4B570045BCFB /* LaunchScreen.storyboard */; };
		460409561C5A4B570045BCFB /* PLASCATTests.swift in Sources */ = {isa = PBXBuildFile; fileRef = 460409551C5A4B570045BCFB /* PLASCATTests.swift */; };
		460409611C5A4B570045BCFB /* PLASCATUITests.swift in Sources */ = {isa = PBXBuildFile; fileRef = 460409601C5A4B570045BCFB /* PLASCATUITests.swift */; };
		460409741C5F52640045BCFB /* BOMViewController.swift in Sources */ = {isa = PBXBuildFile; fileRef = 460409731C5F52640045BCFB /* BOMViewController.swift */; };
		460409761C5FA0870045BCFB /* Data.swift in Sources */ = {isa = PBXBuildFile; fileRef = 460409751C5FA0870045BCFB /* Data.swift */; };
		460409801C6394360045BCFB /* CSVPNFiles.swift in Sources */ = {isa = PBXBuildFile; fileRef = 4604097F1C6394360045BCFB /* CSVPNFiles.swift */; };
		460409851C6495E30045BCFB /* CSwiftV.swift in Sources */ = {isa = PBXBuildFile; fileRef = 460409841C6495E30045BCFB /* CSwiftV.swift */; };
		460409891C6732490045BCFB /* CSVBOMFiles.swift in Sources */ = {isa = PBXBuildFile; fileRef = 460409881C6732490045BCFB /* CSVBOMFiles.swift */; };
		465D88CC1C7C4CE1005E1765 /* error handeling.swift in Sources */ = {isa = PBXBuildFile; fileRef = 465D88CB1C7C4CE1005E1765 /* error handeling.swift */; };
		465D88CE1C7F0DF0005E1765 /* downlaodProgressBar.swift in Sources */ = {isa = PBXBuildFile; fileRef = 465D88CD1C7F0DF0005E1765 /* downlaodProgressBar.swift */; };
		465D88D11C82F6CE005E1765 /* Client.swift in Sources */ = {isa = PBXBuildFile; fileRef = 465D88D01C82F6CE005E1765 /* Client.swift */; };
		465D88D31C82F7A3005E1765 /* Constants.swift in Sources */ = {isa = PBXBuildFile; fileRef = 465D88D21C82F7A3005E1765 /* Constants.swift */; };
		465D88D91C8477B8005E1765 /* statusBarViewController.swift in Sources */ = {isa = PBXBuildFile; fileRef = 465D88D81C8477B8005E1765 /* statusBarViewController.swift */; };
		465D88DF1C85B898005E1765 /* Assets.xcassets in Resources */ = {isa = PBXBuildFile; fileRef = 465D88DE1C85B898005E1765 /* Assets.xcassets */; };
		465D88E51C882BEB005E1765 /* README.md in Sources */ = {isa = PBXBuildFile; fileRef = 465D88E41C882BEB005E1765 /* README.md */; };
		465D88E71C882CF6005E1765 /* bomTableViewCell.swift in Sources */ = {isa = PBXBuildFile; fileRef = 465D88E61C882CF6005E1765 /* bomTableViewCell.swift */; };
		465D88E91C8857D0005E1765 /* historyTableViewController.swift in Sources */ = {isa = PBXBuildFile; fileRef = 465D88E81C8857D0005E1765 /* historyTableViewController.swift */; };
/* End PBXBuildFile section */

/* Begin PBXContainerItemProxy section */
		460409521C5A4B570045BCFB /* PBXContainerItemProxy */ = {
			isa = PBXContainerItemProxy;
			containerPortal = 460409351C5A4B570045BCFB /* Project object */;
			proxyType = 1;
			remoteGlobalIDString = 4604093C1C5A4B570045BCFB;
			remoteInfo = PLASCAT;
		};
		4604095D1C5A4B570045BCFB /* PBXContainerItemProxy */ = {
			isa = PBXContainerItemProxy;
			containerPortal = 460409351C5A4B570045BCFB /* Project object */;
			proxyType = 1;
			remoteGlobalIDString = 4604093C1C5A4B570045BCFB;
			remoteInfo = PLASCAT;
		};
/* End PBXContainerItemProxy section */

/* Begin PBXFileReference section */
		4604093D1C5A4B570045BCFB /* PLASCAT.app */ = {isa = PBXFileReference; explicitFileType = wrapper.application; includeInIndex = 0; path = PLASCAT.app; sourceTree = BUILT_PRODUCTS_DIR; };
		460409401C5A4B570045BCFB /* AppDelegate.swift */ = {isa = PBXFileReference; lastKnownFileType = sourcecode.swift; path = AppDelegate.swift; sourceTree = "<group>"; };
		460409421C5A4B570045BCFB /* SearchViewController.swift */ = {isa = PBXFileReference; lastKnownFileType = sourcecode.swift; path = SearchViewController.swift; sourceTree = "<group>"; };
		460409451C5A4B570045BCFB /* Base */ = {isa = PBXFileReference; lastKnownFileType = file.storyboard; name = Base; path = Base.lproj/Main.storyboard; sourceTree = "<group>"; };
		4604094A1C5A4B570045BCFB /* Base */ = {isa = PBXFileReference; lastKnownFileType = file.storyboard; name = Base; path = Base.lproj/LaunchScreen.storyboard; sourceTree = "<group>"; };
		4604094C1C5A4B570045BCFB /* Info.plist */ = {isa = PBXFileReference; lastKnownFileType = text.plist.xml; path = Info.plist; sourceTree = "<group>"; };
		460409511C5A4B570045BCFB /* PLASCATTests.xctest */ = {isa = PBXFileReference; explicitFileType = wrapper.cfbundle; includeInIndex = 0; path = PLASCATTests.xctest; sourceTree = BUILT_PRODUCTS_DIR; };
		460409551C5A4B570045BCFB /* PLASCATTests.swift */ = {isa = PBXFileReference; lastKnownFileType = sourcecode.swift; path = PLASCATTests.swift; sourceTree = "<group>"; };
		460409571C5A4B570045BCFB /* Info.plist */ = {isa = PBXFileReference; lastKnownFileType = text.plist.xml; path = Info.plist; sourceTree = "<group>"; };
		4604095C1C5A4B570045BCFB /* PLASCATUITests.xctest */ = {isa = PBXFileReference; explicitFileType = wrapper.cfbundle; includeInIndex = 0; path = PLASCATUITests.xctest; sourceTree = BUILT_PRODUCTS_DIR; };
		460409601C5A4B570045BCFB /* PLASCATUITests.swift */ = {isa = PBXFileReference; lastKnownFileType = sourcecode.swift; path = PLASCATUITests.swift; sourceTree = "<group>"; };
		460409621C5A4B570045BCFB /* Info.plist */ = {isa = PBXFileReference; lastKnownFileType = text.plist.xml; path = Info.plist; sourceTree = "<group>"; };
		460409731C5F52640045BCFB /* BOMViewController.swift */ = {isa = PBXFileReference; fileEncoding = 4; lastKnownFileType = sourcecode.swift; path = BOMViewController.swift; sourceTree = "<group>"; };
		460409751C5FA0870045BCFB /* Data.swift */ = {isa = PBXFileReference; fileEncoding = 4; lastKnownFileType = sourcecode.swift; path = Data.swift; sourceTree = "<group>"; };
		4604097F1C6394360045BCFB /* CSVPNFiles.swift */ = {isa = PBXFileReference; fileEncoding = 4; lastKnownFileType = sourcecode.swift; path = CSVPNFiles.swift; sourceTree = "<group>"; };
		460409841C6495E30045BCFB /* CSwiftV.swift */ = {isa = PBXFileReference; fileEncoding = 4; lastKnownFileType = sourcecode.swift; path = CSwiftV.swift; sourceTree = "<group>"; };
		460409881C6732490045BCFB /* CSVBOMFiles.swift */ = {isa = PBXFileReference; fileEncoding = 4; lastKnownFileType = sourcecode.swift; path = CSVBOMFiles.swift; sourceTree = "<group>"; };
		465D88CB1C7C4CE1005E1765 /* error handeling.swift */ = {isa = PBXFileReference; fileEncoding = 4; lastKnownFileType = sourcecode.swift; path = "error handeling.swift"; sourceTree = "<group>"; };
		465D88CD1C7F0DF0005E1765 /* downlaodProgressBar.swift */ = {isa = PBXFileReference; fileEncoding = 4; lastKnownFileType = sourcecode.swift; path = downlaodProgressBar.swift; sourceTree = "<group>"; };
		465D88D01C82F6CE005E1765 /* Client.swift */ = {isa = PBXFileReference; fileEncoding = 4; lastKnownFileType = sourcecode.swift; path = Client.swift; sourceTree = "<group>"; };
		465D88D21C82F7A3005E1765 /* Constants.swift */ = {isa = PBXFileReference; fileEncoding = 4; lastKnownFileType = sourcecode.swift; path = Constants.swift; sourceTree = "<group>"; };
		465D88D81C8477B8005E1765 /* statusBarViewController.swift */ = {isa = PBXFileReference; fileEncoding = 4; lastKnownFileType = sourcecode.swift; path = statusBarViewController.swift; sourceTree = "<group>"; };
		465D88DE1C85B898005E1765 /* Assets.xcassets */ = {isa = PBXFileReference; lastKnownFileType = folder.assetcatalog; path = Assets.xcassets; sourceTree = "<group>"; };
		465D88E41C882BEB005E1765 /* README.md */ = {isa = PBXFileReference; fileEncoding = 4; lastKnownFileType = net.daringfireball.markdown; path = README.md; sourceTree = "<group>"; };
		465D88E61C882CF6005E1765 /* bomTableViewCell.swift */ = {isa = PBXFileReference; fileEncoding = 4; lastKnownFileType = sourcecode.swift; path = bomTableViewCell.swift; sourceTree = "<group>"; };
		465D88E81C8857D0005E1765 /* historyTableViewController.swift */ = {isa = PBXFileReference; fileEncoding = 4; lastKnownFileType = sourcecode.swift; path = historyTableViewController.swift; sourceTree = "<group>"; };
/* End PBXFileReference section */

/* Begin PBXFrameworksBuildPhase section */
		4604093A1C5A4B570045BCFB /* Frameworks */ = {
			isa = PBXFrameworksBuildPhase;
			buildActionMask = 2147483647;
			files = (
			);
			runOnlyForDeploymentPostprocessing = 0;
		};
		4604094E1C5A4B570045BCFB /* Frameworks */ = {
			isa = PBXFrameworksBuildPhase;
			buildActionMask = 2147483647;
			files = (
			);
			runOnlyForDeploymentPostprocessing = 0;
		};
		460409591C5A4B570045BCFB /* Frameworks */ = {
			isa = PBXFrameworksBuildPhase;
			buildActionMask = 2147483647;
			files = (
			);
			runOnlyForDeploymentPostprocessing = 0;
		};
/* End PBXFrameworksBuildPhase section */

/* Begin PBXGroup section */
		460409341C5A4B570045BCFB = {
			isa = PBXGroup;
			children = (
				465D88E41C882BEB005E1765 /* README.md */,
				4604093F1C5A4B570045BCFB /* PLASCAT */,
				460409541C5A4B570045BCFB /* PLASCATTests */,
				4604095F1C5A4B570045BCFB /* PLASCATUITests */,
				4604093E1C5A4B570045BCFB /* Products */,
			);
			sourceTree = "<group>";
		};
		4604093E1C5A4B570045BCFB /* Products */ = {
			isa = PBXGroup;
			children = (
				4604093D1C5A4B570045BCFB /* PLASCAT.app */,
				460409511C5A4B570045BCFB /* PLASCATTests.xctest */,
				4604095C1C5A4B570045BCFB /* PLASCATUITests.xctest */,
			);
			name = Products;
			sourceTree = "<group>";
		};
		4604093F1C5A4B570045BCFB /* PLASCAT */ = {
			isa = PBXGroup;
			children = (
				465D88CF1C82F698005E1765 /* Model */,
				460409831C63DBD00045BCFB /* ViewControler */,
				460409771C5FA0960045BCFB /* Data Base */,
				460409401C5A4B570045BCFB /* AppDelegate.swift */,
				460409441C5A4B570045BCFB /* Main.storyboard */,
				465D88DE1C85B898005E1765 /* Assets.xcassets */,
				460409491C5A4B570045BCFB /* LaunchScreen.storyboard */,
				4604097E1C6393D00045BCFB /* CSV */,
				460409721C5E358B0045BCFB /* Supporting Files */,
			);
			path = PLASCAT;
			sourceTree = "<group>";
		};
		460409541C5A4B570045BCFB /* PLASCATTests */ = {
			isa = PBXGroup;
			children = (
				460409551C5A4B570045BCFB /* PLASCATTests.swift */,
				460409571C5A4B570045BCFB /* Info.plist */,
			);
			path = PLASCATTests;
			sourceTree = "<group>";
		};
		4604095F1C5A4B570045BCFB /* PLASCATUITests */ = {
			isa = PBXGroup;
			children = (
				460409601C5A4B570045BCFB /* PLASCATUITests.swift */,
				460409621C5A4B570045BCFB /* Info.plist */,
			);
			path = PLASCATUITests;
			sourceTree = "<group>";
		};
		460409721C5E358B0045BCFB /* Supporting Files */ = {
			isa = PBXGroup;
			children = (
				465D88CB1C7C4CE1005E1765 /* error handeling.swift */,
				4604094C1C5A4B570045BCFB /* Info.plist */,
			);
			name = "Supporting Files";
			sourceTree = "<group>";
		};
		460409771C5FA0960045BCFB /* Data Base */ = {
			isa = PBXGroup;
			children = (
				460409751C5FA0870045BCFB /* Data.swift */,
			);
			name = "Data Base";
			sourceTree = "<group>";
		};
		4604097E1C6393D00045BCFB /* CSV */ = {
			isa = PBXGroup;
			children = (
				460409841C6495E30045BCFB /* CSwiftV.swift */,
				4604097F1C6394360045BCFB /* CSVPNFiles.swift */,
				460409881C6732490045BCFB /* CSVBOMFiles.swift */,
				465D88D81C8477B8005E1765 /* statusBarViewController.swift */,
			);
			name = CSV;
			sourceTree = "<group>";
		};
		460409831C63DBD00045BCFB /* ViewControler */ = {
			isa = PBXGroup;
			children = (
				460409421C5A4B570045BCFB /* SearchViewController.swift */,
				460409731C5F52640045BCFB /* BOMViewController.swift */,
				465D88CD1C7F0DF0005E1765 /* downlaodProgressBar.swift */,
				465D88E81C8857D0005E1765 /* historyTableViewController.swift */,
			);
			name = ViewControler;
			sourceTree = "<group>";
		};
		465D88CF1C82F698005E1765 /* Model */ = {
			isa = PBXGroup;
			children = (
				465D88D01C82F6CE005E1765 /* Client.swift */,
				465D88D21C82F7A3005E1765 /* Constants.swift */,
				465D88E61C882CF6005E1765 /* bomTableViewCell.swift */,
			);
			name = Model;
			sourceTree = "<group>";
		};
/* End PBXGroup section */

/* Begin PBXNativeTarget section */
		4604093C1C5A4B570045BCFB /* PLASCAT */ = {
			isa = PBXNativeTarget;
			buildConfigurationList = 460409651C5A4B570045BCFB /* Build configuration list for PBXNativeTarget "PLASCAT" */;
			buildPhases = (
				460409391C5A4B570045BCFB /* Sources */,
				4604093A1C5A4B570045BCFB /* Frameworks */,
				4604093B1C5A4B570045BCFB /* Resources */,
			);
			buildRules = (
			);
			dependencies = (
			);
			name = PLASCAT;
			productName = PLASCAT;
			productReference = 4604093D1C5A4B570045BCFB /* PLASCAT.app */;
			productType = "com.apple.product-type.application";
		};
		460409501C5A4B570045BCFB /* PLASCATTests */ = {
			isa = PBXNativeTarget;
			buildConfigurationList = 460409681C5A4B570045BCFB /* Build configuration list for PBXNativeTarget "PLASCATTests" */;
			buildPhases = (
				4604094D1C5A4B570045BCFB /* Sources */,
				4604094E1C5A4B570045BCFB /* Frameworks */,
				4604094F1C5A4B570045BCFB /* Resources */,
			);
			buildRules = (
			);
			dependencies = (
				460409531C5A4B570045BCFB /* PBXTargetDependency */,
			);
			name = PLASCATTests;
			productName = PLASCATTests;
			productReference = 460409511C5A4B570045BCFB /* PLASCATTests.xctest */;
			productType = "com.apple.product-type.bundle.unit-test";
		};
		4604095B1C5A4B570045BCFB /* PLASCATUITests */ = {
			isa = PBXNativeTarget;
			buildConfigurationList = 4604096B1C5A4B570045BCFB /* Build configuration list for PBXNativeTarget "PLASCATUITests" */;
			buildPhases = (
				460409581C5A4B570045BCFB /* Sources */,
				460409591C5A4B570045BCFB /* Frameworks */,
				4604095A1C5A4B570045BCFB /* Resources */,
			);
			buildRules = (
			);
			dependencies = (
				4604095E1C5A4B570045BCFB /* PBXTargetDependency */,
			);
			name = PLASCATUITests;
			productName = PLASCATUITests;
			productReference = 4604095C1C5A4B570045BCFB /* PLASCATUITests.xctest */;
			productType = "com.apple.product-type.bundle.ui-testing";
		};
/* End PBXNativeTarget section */

/* Begin PBXProject section */
		460409351C5A4B570045BCFB /* Project object */ = {
			isa = PBXProject;
			attributes = {
				LastSwiftUpdateCheck = 0720;
				LastUpgradeCheck = 0720;
				ORGANIZATIONNAME = Eitan_Magen;
				TargetAttributes = {
					4604093C1C5A4B570045BCFB = {
						CreatedOnToolsVersion = 7.2;
						DevelopmentTeam = 6DX4JR9R3P;
					};
					460409501C5A4B570045BCFB = {
						CreatedOnToolsVersion = 7.2;
						DevelopmentTeam = 6DX4JR9R3P;
						TestTargetID = 4604093C1C5A4B570045BCFB;
					};
					4604095B1C5A4B570045BCFB = {
						CreatedOnToolsVersion = 7.2;
						DevelopmentTeam = 6DX4JR9R3P;
						TestTargetID = 4604093C1C5A4B570045BCFB;
					};
				};
			};
			buildConfigurationList = 460409381C5A4B570045BCFB /* Build configuration list for PBXProject "PLASCAT" */;
			compatibilityVersion = "Xcode 3.2";
			developmentRegion = English;
			hasScannedForEncodings = 0;
			knownRegions = (
				en,
				Base,
			);
			mainGroup = 460409341C5A4B570045BCFB;
			productRefGroup = 4604093E1C5A4B570045BCFB /* Products */;
			projectDirPath = "";
			projectRoot = "";
			targets = (
				4604093C1C5A4B570045BCFB /* PLASCAT */,
				460409501C5A4B570045BCFB /* PLASCATTests */,
				4604095B1C5A4B570045BCFB /* PLASCATUITests */,
			);
		};
/* End PBXProject section */

/* Begin PBXResourcesBuildPhase section */
		4604093B1C5A4B570045BCFB /* Resources */ = {
			isa = PBXResourcesBuildPhase;
			buildActionMask = 2147483647;
			files = (
				4604094B1C5A4B570045BCFB /* LaunchScreen.storyboard in Resources */,
				465D88DF1C85B898005E1765 /* Assets.xcassets in Resources */,
				460409461C5A4B570045BCFB /* Main.storyboard in Resources */,
			);
			runOnlyForDeploymentPostprocessing = 0;
		};
		4604094F1C5A4B570045BCFB /* Resources */ = {
			isa = PBXResourcesBuildPhase;
			buildActionMask = 2147483647;
			files = (
			);
			runOnlyForDeploymentPostprocessing = 0;
		};
		4604095A1C5A4B570045BCFB /* Resources */ = {
			isa = PBXResourcesBuildPhase;
			buildActionMask = 2147483647;
			files = (
			);
			runOnlyForDeploymentPostprocessing = 0;
		};
/* End PBXResourcesBuildPhase section */

/* Begin PBXSourcesBuildPhase section */
		460409391C5A4B570045BCFB /* Sources */ = {
			isa = PBXSourcesBuildPhase;
			buildActionMask = 2147483647;
			files = (
				465D88CE1C7F0DF0005E1765 /* downlaodProgressBar.swift in Sources */,
				460409431C5A4B570045BCFB /* SearchViewController.swift in Sources */,
				460409891C6732490045BCFB /* CSVBOMFiles.swift in Sources */,
				465D88D11C82F6CE005E1765 /* Client.swift in Sources */,
				460409411C5A4B570045BCFB /* AppDelegate.swift in Sources */,
				460409801C6394360045BCFB /* CSVPNFiles.swift in Sources */,
				460409741C5F52640045BCFB /* BOMViewController.swift in Sources */,
				465D88D91C8477B8005E1765 /* statusBarViewController.swift in Sources */,
				460409851C6495E30045BCFB /* CSwiftV.swift in Sources */,
				465D88E51C882BEB005E1765 /* README.md in Sources */,
				465D88E91C8857D0005E1765 /* historyTableViewController.swift in Sources */,
				465D88CC1C7C4CE1005E1765 /* error handeling.swift in Sources */,
				465D88E71C882CF6005E1765 /* bomTableViewCell.swift in Sources */,
				460409761C5FA0870045BCFB /* Data.swift in Sources */,
				465D88D31C82F7A3005E1765 /* Constants.swift in Sources */,
			);
			runOnlyForDeploymentPostprocessing = 0;
		};
		4604094D1C5A4B570045BCFB /* Sources */ = {
			isa = PBXSourcesBuildPhase;
			buildActionMask = 2147483647;
			files = (
				460409561C5A4B570045BCFB /* PLASCATTests.swift in Sources */,
			);
			runOnlyForDeploymentPostprocessing = 0;
		};
		460409581C5A4B570045BCFB /* Sources */ = {
			isa = PBXSourcesBuildPhase;
			buildActionMask = 2147483647;
			files = (
				460409611C5A4B570045BCFB /* PLASCATUITests.swift in Sources */,
			);
			runOnlyForDeploymentPostprocessing = 0;
		};
/* End PBXSourcesBuildPhase section */

/* Begin PBXTargetDependency section */
		460409531C5A4B570045BCFB /* PBXTargetDependency */ = {
			isa = PBXTargetDependency;
			target = 4604093C1C5A4B570045BCFB /* PLASCAT */;
			targetProxy = 460409521C5A4B570045BCFB /* PBXContainerItemProxy */;
		};
		4604095E1C5A4B570045BCFB /* PBXTargetDependency */ = {
			isa = PBXTargetDependency;
			target = 4604093C1C5A4B570045BCFB /* PLASCAT */;
			targetProxy = 4604095D1C5A4B570045BCFB /* PBXContainerItemProxy */;
		};
/* End PBXTargetDependency section */

/* Begin PBXVariantGroup section */
		460409441C5A4B570045BCFB /* Main.storyboard */ = {
			isa = PBXVariantGroup;
			children = (
				460409451C5A4B570045BCFB /* Base */,
			);
			name = Main.storyboard;
			sourceTree = "<group>";
		};
		460409491C5A4B570045BCFB /* LaunchScreen.storyboard */ = {
			isa = PBXVariantGroup;
			children = (
				4604094A1C5A4B570045BCFB /* Base */,
			);
			name = LaunchScreen.storyboard;
			sourceTree = "<group>";
		};
/* End PBXVariantGroup section */

/* Begin XCBuildConfiguration section */
		460409631C5A4B570045BCFB /* Debug */ = {
			isa = XCBuildConfiguration;
			buildSettings = {
				ALWAYS_SEARCH_USER_PATHS = NO;
				CLANG_CXX_LANGUAGE_STANDARD = "gnu++0x";
				CLANG_CXX_LIBRARY = "libc++";
				CLANG_ENABLE_MODULES = YES;
				CLANG_ENABLE_OBJC_ARC = YES;
				CLANG_WARN_BOOL_CONVERSION = YES;
				CLANG_WARN_CONSTANT_CONVERSION = YES;
				CLANG_WARN_DIRECT_OBJC_ISA_USAGE = YES_ERROR;
				CLANG_WARN_EMPTY_BODY = YES;
				CLANG_WARN_ENUM_CONVERSION = YES;
				CLANG_WARN_INT_CONVERSION = YES;
				CLANG_WARN_OBJC_ROOT_CLASS = YES_ERROR;
				CLANG_WARN_UNREACHABLE_CODE = YES;
				CLANG_WARN__DUPLICATE_METHOD_MATCH = YES;
				"CODE_SIGN_IDENTITY[sdk=iphoneos*]" = "iPhone Developer";
				COPY_PHASE_STRIP = NO;
				DEBUG_INFORMATION_FORMAT = dwarf;
				ENABLE_STRICT_OBJC_MSGSEND = YES;
				ENABLE_TESTABILITY = YES;
				GCC_C_LANGUAGE_STANDARD = gnu99;
				GCC_DYNAMIC_NO_PIC = NO;
				GCC_NO_COMMON_BLOCKS = YES;
				GCC_OPTIMIZATION_LEVEL = 0;
				GCC_PREPROCESSOR_DEFINITIONS = (
					"DEBUG=1",
					"$(inherited)",
				);
				GCC_WARN_64_TO_32_BIT_CONVERSION = YES;
				GCC_WARN_ABOUT_RETURN_TYPE = YES_ERROR;
				GCC_WARN_UNDECLARED_SELECTOR = YES;
				GCC_WARN_UNINITIALIZED_AUTOS = YES_AGGRESSIVE;
				GCC_WARN_UNUSED_FUNCTION = YES;
				GCC_WARN_UNUSED_VARIABLE = YES;
				IPHONEOS_DEPLOYMENT_TARGET = 9.2;
				MTL_ENABLE_DEBUG_INFO = YES;
				ONLY_ACTIVE_ARCH = YES;
				SDKROOT = iphoneos;
				SWIFT_OPTIMIZATION_LEVEL = "-Onone";
			};
			name = Debug;
		};
		460409641C5A4B570045BCFB /* Release */ = {
			isa = XCBuildConfiguration;
			buildSettings = {
				ALWAYS_SEARCH_USER_PATHS = NO;
				CLANG_CXX_LANGUAGE_STANDARD = "gnu++0x";
				CLANG_CXX_LIBRARY = "libc++";
				CLANG_ENABLE_MODULES = YES;
				CLANG_ENABLE_OBJC_ARC = YES;
				CLANG_WARN_BOOL_CONVERSION = YES;
				CLANG_WARN_CONSTANT_CONVERSION = YES;
				CLANG_WARN_DIRECT_OBJC_ISA_USAGE = YES_ERROR;
				CLANG_WARN_EMPTY_BODY = YES;
				CLANG_WARN_ENUM_CONVERSION = YES;
				CLANG_WARN_INT_CONVERSION = YES;
				CLANG_WARN_OBJC_ROOT_CLASS = YES_ERROR;
				CLANG_WARN_UNREACHABLE_CODE = YES;
				CLANG_WARN__DUPLICATE_METHOD_MATCH = YES;
				"CODE_SIGN_IDENTITY[sdk=iphoneos*]" = "iPhone Developer";
				COPY_PHASE_STRIP = NO;
				DEBUG_INFORMATION_FORMAT = "dwarf-with-dsym";
				ENABLE_NS_ASSERTIONS = NO;
				ENABLE_STRICT_OBJC_MSGSEND = YES;
				GCC_C_LANGUAGE_STANDARD = gnu99;
				GCC_NO_COMMON_BLOCKS = YES;
				GCC_WARN_64_TO_32_BIT_CONVERSION = YES;
				GCC_WARN_ABOUT_RETURN_TYPE = YES_ERROR;
				GCC_WARN_UNDECLARED_SELECTOR = YES;
				GCC_WARN_UNINITIALIZED_AUTOS = YES_AGGRESSIVE;
				GCC_WARN_UNUSED_FUNCTION = YES;
				GCC_WARN_UNUSED_VARIABLE = YES;
				IPHONEOS_DEPLOYMENT_TARGET = 9.2;
				MTL_ENABLE_DEBUG_INFO = NO;
				SDKROOT = iphoneos;
				VALIDATE_PRODUCT = YES;
			};
			name = Release;
		};
		460409661C5A4B570045BCFB /* Debug */ = {
			isa = XCBuildConfiguration;
			buildSettings = {
				ASSETCATALOG_COMPILER_APPICON_NAME = AppIcon;
				INFOPLIST_FILE = PLASCAT/Info.plist;
				LD_RUNPATH_SEARCH_PATHS = "$(inherited) @executable_path/Frameworks";
				PRODUCT_BUNDLE_IDENTIFIER = com.udacity.PLASCAT;
				PRODUCT_NAME = "$(TARGET_NAME)";
			};
			name = Debug;
		};
		460409671C5A4B570045BCFB /* Release */ = {
			isa = XCBuildConfiguration;
			buildSettings = {
				ASSETCATALOG_COMPILER_APPICON_NAME = AppIcon;
				INFOPLIST_FILE = PLASCAT/Info.plist;
				LD_RUNPATH_SEARCH_PATHS = "$(inherited) @executable_path/Frameworks";
				PRODUCT_BUNDLE_IDENTIFIER = com.udacity.PLASCAT;
				PRODUCT_NAME = "$(TARGET_NAME)";
			};
			name = Release;
		};
		460409691C5A4B570045BCFB /* Debug */ = {
			isa = XCBuildConfiguration;
			buildSettings = {
				BUNDLE_LOADER = "$(TEST_HOST)";
				INFOPLIST_FILE = PLASCATTests/Info.plist;
				LD_RUNPATH_SEARCH_PATHS = "$(inherited) @executable_path/Frameworks @loader_path/Frameworks";
				PRODUCT_BUNDLE_IDENTIFIER = com.udacity.PLASCATTests;
				PRODUCT_NAME = "$(TARGET_NAME)";
				TEST_HOST = "$(BUILT_PRODUCTS_DIR)/PLASCAT.app/PLASCAT";
			};
			name = Debug;
		};
		4604096A1C5A4B570045BCFB /* Release */ = {
			isa = XCBuildConfiguration;
			buildSettings = {
				BUNDLE_LOADER = "$(TEST_HOST)";
				INFOPLIST_FILE = PLASCATTests/Info.plist;
				LD_RUNPATH_SEARCH_PATHS = "$(inherited) @executable_path/Frameworks @loader_path/Frameworks";
				PRODUCT_BUNDLE_IDENTIFIER = com.udacity.PLASCATTests;
				PRODUCT_NAME = "$(TARGET_NAME)";
				TEST_HOST = "$(BUILT_PRODUCTS_DIR)/PLASCAT.app/PLASCAT";
			};
			name = Release;
		};
		4604096C1C5A4B570045BCFB /* Debug */ = {
			isa = XCBuildConfiguration;
			buildSettings = {
				INFOPLIST_FILE = PLASCATUITests/Info.plist;
				LD_RUNPATH_SEARCH_PATHS = "$(inherited) @executable_path/Frameworks @loader_path/Frameworks";
				PRODUCT_BUNDLE_IDENTIFIER = com.udacity.PLASCATUITests;
				PRODUCT_NAME = "$(TARGET_NAME)";
				TEST_TARGET_NAME = PLASCAT;
				USES_XCTRUNNER = YES;
			};
			name = Debug;
		};
		4604096D1C5A4B570045BCFB /* Release */ = {
			isa = XCBuildConfiguration;
			buildSettings = {
				INFOPLIST_FILE = PLASCATUITests/Info.plist;
				LD_RUNPATH_SEARCH_PATHS = "$(inherited) @executable_path/Frameworks @loader_path/Frameworks";
				PRODUCT_BUNDLE_IDENTIFIER = com.udacity.PLASCATUITests;
				PRODUCT_NAME = "$(TARGET_NAME)";
				TEST_TARGET_NAME = PLASCAT;
				USES_XCTRUNNER = YES;
			};
			name = Release;
		};
/* End XCBuildConfiguration section */

/* Begin XCConfigurationList section */
		460409381C5A4B570045BCFB /* Build configuration list for PBXProject "PLASCAT" */ = {
			isa = XCConfigurationList;
			buildConfigurations = (
				460409631C5A4B570045BCFB /* Debug */,
				460409641C5A4B570045BCFB /* Release */,
			);
			defaultConfigurationIsVisible = 0;
			defaultConfigurationName = Release;
		};
		460409651C5A4B570045BCFB /* Build configuration list for PBXNativeTarget "PLASCAT" */ = {
			isa = XCConfigurationList;
			buildConfigurations = (
				460409661C5A4B570045BCFB /* Debug */,
				460409671C5A4B570045BCFB /* Release */,
			);
			defaultConfigurationIsVisible = 0;
			defaultConfigurationName = Release;
		};
		460409681C5A4B570045BCFB /* Build configuration list for PBXNativeTarget "PLASCATTests" */ = {
			isa = XCConfigurationList;
			buildConfigurations = (
				460409691C5A4B570045BCFB /* Debug */,
				4604096A1C5A4B570045BCFB /* Release */,
			);
			defaultConfigurationIsVisible = 0;
			defaultConfigurationName = Release;
		};
		4604096B1C5A4B570045BCFB /* Build configuration list for PBXNativeTarget "PLASCATUITests" */ = {
			isa = XCConfigurationList;
			buildConfigurations = (
				4604096C1C5A4B570045BCFB /* Debug */,
				4604096D1C5A4B570045BCFB /* Release */,
			);
			defaultConfigurationIsVisible = 0;
			defaultConfigurationName = Release;
		};
/* End XCConfigurationList section */
	};
	rootObject = 460409351C5A4B570045BCFB /* Project object */;
}
